
Microsoft Visual Studio Solution File, Format Version 12.00
# Visual Studio Version 16
VisualStudioVersion = 16.0.31702.278
MinimumVisualStudioVersion = 10.0.40219.1
Project("{FAE04EC0-301F-11D3-BF4B-00C04F79EFBC}") = "PHONEBOOK", "PHONEBOOK\PHONEBOOK.csproj", "{25A20930-C593-442E-9E63-98CB7C50B53E}"
EndProject
Global
	GlobalSection(SolutionConfigurationPlatforms) = preSolution
		Debug|Any CPU = Debug|Any CPU
		Release|Any CPU = Release|Any CPU
	EndGlobalSection
	GlobalSection(ProjectConfigurationPlatforms) = postSolution
		{25A20930-C593-442E-9E63-98CB7C50B53E}.Debug|Any CPU.ActiveCfg = Debug|Any CPU
		{25A20930-C593-442E-9E63-98CB7C50B53E}.Debug|Any CPU.Build.0 = Debug|Any CPU
		{25A20930-C593-442E-9E63-98CB7C50B53E}.Release|Any CPU.ActiveCfg = Release|Any CPU
		{25A20930-C593-442E-9E63-98CB7C50B53E}.Release|Any CPU.Build.0 = Release|Any CPU
	EndGlobalSection
	GlobalSection(SolutionProperties) = preSolution
		HideSolutionNode = FALSE
	EndGlobalSection
	GlobalSection(ExtensibilityGlobals) = postSolution
		SolutionGuid = {FE46BE9E-3BB0-424E-99B9-2C835157A645}
	EndGlobalSection
EndGlobal
